// !$*UTF8*$!
{
	archiveVersion = 1;
	classes = {
	};
	objectVersion = 56;
	objects = {

/* Begin PBXBuildFile section */
		32002F3C2AD5862200203A23 /* CalculatorModels.swift in Sources */ = {isa = PBXBuildFile; fileRef = 32002F3B2AD5862200203A23 /* CalculatorModels.swift */; };
		32002F3E2AD58CD700203A23 /* DependencyManager.swift in Sources */ = {isa = PBXBuildFile; fileRef = 32002F3D2AD58CD700203A23 /* DependencyManager.swift */; };
		320D5DC32ADF478500E11BEF /* FirebaseAnalytics in Frameworks */ = {isa = PBXBuildFile; productRef = 320D5DC22ADF478500E11BEF /* FirebaseAnalytics */; };
		320DA5AE2AB8543800FA5088 /* CalculatorLogic.swift in Sources */ = {isa = PBXBuildFile; fileRef = 320DA5AD2AB8543800FA5088 /* CalculatorLogic.swift */; };
		320DA5B22AB854A400FA5088 /* CurrencyConvertorService.swift in Sources */ = {isa = PBXBuildFile; fileRef = 320DA5B12AB854A400FA5088 /* CurrencyConvertorService.swift */; };
		320DA5B72AB85ED800FA5088 /* ColorScheme.swift in Sources */ = {isa = PBXBuildFile; fileRef = 320DA5B62AB85ED800FA5088 /* ColorScheme.swift */; };
		320DA5BA2AB9FB3300FA5088 /* Double+Extensions.swift in Sources */ = {isa = PBXBuildFile; fileRef = 320DA5B92AB9FB3300FA5088 /* Double+Extensions.swift */; };
		321C304D2AC5969200A65ADC /* CurrencyService.swift in Sources */ = {isa = PBXBuildFile; fileRef = 321C304C2AC5969200A65ADC /* CurrencyService.swift */; };
		322BEBF22ADC385300B405E0 /* CalculatorUITests.swift in Sources */ = {isa = PBXBuildFile; fileRef = 322BEBF12ADC385300B405E0 /* CalculatorUITests.swift */; };
		322BEBF42ADC385300B405E0 /* CalculatorUITestsLaunchTests.swift in Sources */ = {isa = PBXBuildFile; fileRef = 322BEBF32ADC385300B405E0 /* CalculatorUITestsLaunchTests.swift */; };
		322BEBFB2ADC3BFC00B405E0 /* SnapshotHelper.swift in Sources */ = {isa = PBXBuildFile; fileRef = 322BEBFA2ADC3BFC00B405E0 /* SnapshotHelper.swift */; };
		322BEC032ADD3B8500B405E0 /* Calculator2_AssigmentTests.swift in Sources */ = {isa = PBXBuildFile; fileRef = 322BEC022ADD3B8500B405E0 /* Calculator2_AssigmentTests.swift */; };
		32399D432ABB2B880059176E /* ReachabilityService.swift in Sources */ = {isa = PBXBuildFile; fileRef = 32399D422ABB2B880059176E /* ReachabilityService.swift */; };
		3246BE672AC3A1F70058D41B /* ColorSchemeManager.swift in Sources */ = {isa = PBXBuildFile; fileRef = 3246BE662AC3A1F70058D41B /* ColorSchemeManager.swift */; };
		3248A29A2ABC72660022B851 /* CalculatorButton.swift in Sources */ = {isa = PBXBuildFile; fileRef = 3248A2992ABC72660022B851 /* CalculatorButton.swift */; };
		3248A29C2ABC7A400022B851 /* StatusView.swift in Sources */ = {isa = PBXBuildFile; fileRef = 3248A29B2ABC7A400022B851 /* StatusView.swift */; };
		3248A29E2ABC7EE40022B851 /* ResultView.swift in Sources */ = {isa = PBXBuildFile; fileRef = 3248A29D2ABC7EE40022B851 /* ResultView.swift */; };
		3248A2A12ABC8F440022B851 /* GoogleService-Info.plist in Resources */ = {isa = PBXBuildFile; fileRef = 3248A2A02ABC8F440022B851 /* GoogleService-Info.plist */; };
		3248A2AA2ABC91CA0022B851 /* FirebaseService.swift in Sources */ = {isa = PBXBuildFile; fileRef = 3248A2A92ABC91CA0022B851 /* FirebaseService.swift */; };
		32756FEF2ABB12C00024FF48 /* CalculatorSizes.swift in Sources */ = {isa = PBXBuildFile; fileRef = 32756FEE2ABB12C00024FF48 /* CalculatorSizes.swift */; };
		32BDC7B32ADF4CEA00CD8706 /* LoaderView in Frameworks */ = {isa = PBXBuildFile; productRef = 32BDC7B22ADF4CEA00CD8706 /* LoaderView */; };
		32E6E4612AB4CEDE003CB832 /* CalculatorButtonViewModel.swift in Sources */ = {isa = PBXBuildFile; fileRef = 32E6E4602AB4CEDE003CB832 /* CalculatorButtonViewModel.swift */; };
		32E6E4632AB4CF27003CB832 /* CalculatorViewModel.swift in Sources */ = {isa = PBXBuildFile; fileRef = 32E6E4622AB4CF27003CB832 /* CalculatorViewModel.swift */; };
		32F902612AB34A3700D9DC19 /* CalculatorApp.swift in Sources */ = {isa = PBXBuildFile; fileRef = 32F902602AB34A3700D9DC19 /* CalculatorApp.swift */; };
		32F902632AB34A3700D9DC19 /* CalculatorView.swift in Sources */ = {isa = PBXBuildFile; fileRef = 32F902622AB34A3700D9DC19 /* CalculatorView.swift */; };
		32F902652AB34A3900D9DC19 /* Assets.xcassets in Resources */ = {isa = PBXBuildFile; fileRef = 32F902642AB34A3900D9DC19 /* Assets.xcassets */; };
		32F902682AB34A3900D9DC19 /* Preview Assets.xcassets in Resources */ = {isa = PBXBuildFile; fileRef = 32F902672AB34A3900D9DC19 /* Preview Assets.xcassets */; };
		32FC66AD2ADF438A00F551C0 /* Analytics in Frameworks */ = {isa = PBXBuildFile; productRef = 32FC66AC2ADF438A00F551C0 /* Analytics */; };
		32FC66B52ADF46A600F551C0 /* FirebaseAnalytics in Frameworks */ = {isa = PBXBuildFile; productRef = 32FC66B42ADF46A600F551C0 /* FirebaseAnalytics */; };
		32FC66B72ADF46A600F551C0 /* FirebaseCrashlytics in Frameworks */ = {isa = PBXBuildFile; productRef = 32FC66B62ADF46A600F551C0 /* FirebaseCrashlytics */; };
/* End PBXBuildFile section */

/* Begin PBXContainerItemProxy section */
		322BEBF52ADC385300B405E0 /* PBXContainerItemProxy */ = {
			isa = PBXContainerItemProxy;
			containerPortal = 32F902552AB34A3700D9DC19 /* Project object */;
			proxyType = 1;
			remoteGlobalIDString = 32F9025C2AB34A3700D9DC19;
			remoteInfo = Calculator;
		};
		322BEC042ADD3B8500B405E0 /* PBXContainerItemProxy */ = {
			isa = PBXContainerItemProxy;
			containerPortal = 32F902552AB34A3700D9DC19 /* Project object */;
			proxyType = 1;
			remoteGlobalIDString = 32F9025C2AB34A3700D9DC19;
			remoteInfo = Calculator;
		};
/* End PBXContainerItemProxy section */

/* Begin PBXFileReference section */
		32002F3B2AD5862200203A23 /* CalculatorModels.swift */ = {isa = PBXFileReference; lastKnownFileType = sourcecode.swift; path = CalculatorModels.swift; sourceTree = "<group>"; };
		32002F3D2AD58CD700203A23 /* DependencyManager.swift */ = {isa = PBXFileReference; lastKnownFileType = sourcecode.swift; path = DependencyManager.swift; sourceTree = "<group>"; };
		320DA5AD2AB8543800FA5088 /* CalculatorLogic.swift */ = {isa = PBXFileReference; lastKnownFileType = sourcecode.swift; path = CalculatorLogic.swift; sourceTree = "<group>"; };
		320DA5B12AB854A400FA5088 /* CurrencyConvertorService.swift */ = {isa = PBXFileReference; lastKnownFileType = sourcecode.swift; path = CurrencyConvertorService.swift; sourceTree = "<group>"; };
		320DA5B62AB85ED800FA5088 /* ColorScheme.swift */ = {isa = PBXFileReference; lastKnownFileType = sourcecode.swift; path = ColorScheme.swift; sourceTree = "<group>"; };
		320DA5B92AB9FB3300FA5088 /* Double+Extensions.swift */ = {isa = PBXFileReference; lastKnownFileType = sourcecode.swift; path = "Double+Extensions.swift"; sourceTree = "<group>"; };
		320DA5BC2ABA16FE00FA5088 /* Info.plist */ = {isa = PBXFileReference; lastKnownFileType = text.plist; path = Info.plist; sourceTree = "<group>"; };
		321C304C2AC5969200A65ADC /* CurrencyService.swift */ = {isa = PBXFileReference; lastKnownFileType = sourcecode.swift; path = CurrencyService.swift; sourceTree = "<group>"; };
		322BEBEF2ADC385300B405E0 /* Calculator2_AssigmentUITests.xctest */ = {isa = PBXFileReference; explicitFileType = wrapper.cfbundle; includeInIndex = 0; path = Calculator2_AssigmentUITests.xctest; sourceTree = BUILT_PRODUCTS_DIR; };
		322BEBF12ADC385300B405E0 /* CalculatorUITests.swift */ = {isa = PBXFileReference; lastKnownFileType = sourcecode.swift; path = CalculatorUITests.swift; sourceTree = "<group>"; };
		322BEBF32ADC385300B405E0 /* CalculatorUITestsLaunchTests.swift */ = {isa = PBXFileReference; lastKnownFileType = sourcecode.swift; path = CalculatorUITestsLaunchTests.swift; sourceTree = "<group>"; };
		322BEBFA2ADC3BFC00B405E0 /* SnapshotHelper.swift */ = {isa = PBXFileReference; fileEncoding = 4; lastKnownFileType = sourcecode.swift; name = SnapshotHelper.swift; path = fastlane/SnapshotHelper.swift; sourceTree = SOURCE_ROOT; };
		322BEC002ADD3B8500B405E0 /* Calculator2_AssigmentTests.xctest */ = {isa = PBXFileReference; explicitFileType = wrapper.cfbundle; includeInIndex = 0; path = Calculator2_AssigmentTests.xctest; sourceTree = BUILT_PRODUCTS_DIR; };
		322BEC022ADD3B8500B405E0 /* Calculator2_AssigmentTests.swift */ = {isa = PBXFileReference; lastKnownFileType = sourcecode.swift; path = Calculator2_AssigmentTests.swift; sourceTree = "<group>"; };
		32399D422ABB2B880059176E /* ReachabilityService.swift */ = {isa = PBXFileReference; lastKnownFileType = sourcecode.swift; path = ReachabilityService.swift; sourceTree = "<group>"; };
		3246BE662AC3A1F70058D41B /* ColorSchemeManager.swift */ = {isa = PBXFileReference; lastKnownFileType = sourcecode.swift; path = ColorSchemeManager.swift; sourceTree = "<group>"; };
		3248A2992ABC72660022B851 /* CalculatorButton.swift */ = {isa = PBXFileReference; lastKnownFileType = sourcecode.swift; path = CalculatorButton.swift; sourceTree = "<group>"; };
		3248A29B2ABC7A400022B851 /* StatusView.swift */ = {isa = PBXFileReference; lastKnownFileType = sourcecode.swift; path = StatusView.swift; sourceTree = "<group>"; };
		3248A29D2ABC7EE40022B851 /* ResultView.swift */ = {isa = PBXFileReference; lastKnownFileType = sourcecode.swift; path = ResultView.swift; sourceTree = "<group>"; };
		3248A2A02ABC8F440022B851 /* GoogleService-Info.plist */ = {isa = PBXFileReference; fileEncoding = 4; lastKnownFileType = text.plist.xml; path = "GoogleService-Info.plist"; sourceTree = "<group>"; };
		3248A2A92ABC91CA0022B851 /* FirebaseService.swift */ = {isa = PBXFileReference; lastKnownFileType = sourcecode.swift; path = FirebaseService.swift; sourceTree = "<group>"; };
		32756FEE2ABB12C00024FF48 /* CalculatorSizes.swift */ = {isa = PBXFileReference; lastKnownFileType = sourcecode.swift; path = CalculatorSizes.swift; sourceTree = "<group>"; };
		32BDC7B12ADF4C8B00CD8706 /* LoaderView */ = {isa = PBXFileReference; lastKnownFileType = wrapper; path = LoaderView; sourceTree = "<group>"; };
		32E6E4602AB4CEDE003CB832 /* CalculatorButtonViewModel.swift */ = {isa = PBXFileReference; lastKnownFileType = sourcecode.swift; path = CalculatorButtonViewModel.swift; sourceTree = "<group>"; };
		32E6E4622AB4CF27003CB832 /* CalculatorViewModel.swift */ = {isa = PBXFileReference; lastKnownFileType = sourcecode.swift; path = CalculatorViewModel.swift; sourceTree = "<group>"; };
		32F9025D2AB34A3700D9DC19 /* Calculator2_Assigment.app */ = {isa = PBXFileReference; explicitFileType = wrapper.application; includeInIndex = 0; path = Calculator2_Assigment.app; sourceTree = BUILT_PRODUCTS_DIR; };
		32F902602AB34A3700D9DC19 /* CalculatorApp.swift */ = {isa = PBXFileReference; lastKnownFileType = sourcecode.swift; path = CalculatorApp.swift; sourceTree = "<group>"; };
		32F902622AB34A3700D9DC19 /* CalculatorView.swift */ = {isa = PBXFileReference; lastKnownFileType = sourcecode.swift; path = CalculatorView.swift; sourceTree = "<group>"; };
		32F902642AB34A3900D9DC19 /* Assets.xcassets */ = {isa = PBXFileReference; lastKnownFileType = folder.assetcatalog; path = Assets.xcassets; sourceTree = "<group>"; };
		32F902672AB34A3900D9DC19 /* Preview Assets.xcassets */ = {isa = PBXFileReference; lastKnownFileType = folder.assetcatalog; path = "Preview Assets.xcassets"; sourceTree = "<group>"; };
/* End PBXFileReference section */

/* Begin PBXFrameworksBuildPhase section */
		322BEBEC2ADC385300B405E0 /* Frameworks */ = {
			isa = PBXFrameworksBuildPhase;
			buildActionMask = 2147483647;
			files = (
			);
			runOnlyForDeploymentPostprocessing = 0;
		};
		322BEBFD2ADD3B8500B405E0 /* Frameworks */ = {
			isa = PBXFrameworksBuildPhase;
			buildActionMask = 2147483647;
			files = (
				320D5DC32ADF478500E11BEF /* FirebaseAnalytics in Frameworks */,
			);
			runOnlyForDeploymentPostprocessing = 0;
		};
		32F9025A2AB34A3700D9DC19 /* Frameworks */ = {
			isa = PBXFrameworksBuildPhase;
			buildActionMask = 2147483647;
			files = (
				32BDC7B32ADF4CEA00CD8706 /* LoaderView in Frameworks */,
				32FC66B72ADF46A600F551C0 /* FirebaseCrashlytics in Frameworks */,
				32FC66B52ADF46A600F551C0 /* FirebaseAnalytics in Frameworks */,
				32FC66AD2ADF438A00F551C0 /* Analytics in Frameworks */,
			);
			runOnlyForDeploymentPostprocessing = 0;
		};
/* End PBXFrameworksBuildPhase section */

/* Begin PBXGroup section */
		320DA5B32AB854E400FA5088 /* Services */ = {
			isa = PBXGroup;
			children = (
				321C304C2AC5969200A65ADC /* CurrencyService.swift */,
				320DA5B12AB854A400FA5088 /* CurrencyConvertorService.swift */,
				32399D422ABB2B880059176E /* ReachabilityService.swift */,
				3248A2A92ABC91CA0022B851 /* FirebaseService.swift */,
			);
			path = Services;
			sourceTree = "<group>";
		};
		320DA5B42AB854F300FA5088 /* Modules */ = {
			isa = PBXGroup;
			children = (
				320DA5B52AB8550500FA5088 /* Calculator */,
			);
			path = Modules;
			sourceTree = "<group>";
		};
		320DA5B52AB8550500FA5088 /* Calculator */ = {
			isa = PBXGroup;
			children = (
				3248A29F2ABC7FD80022B851 /* View */,
				32E6E4622AB4CF27003CB832 /* CalculatorViewModel.swift */,
				32E6E4602AB4CEDE003CB832 /* CalculatorButtonViewModel.swift */,
				320DA5AD2AB8543800FA5088 /* CalculatorLogic.swift */,
				32756FEE2ABB12C00024FF48 /* CalculatorSizes.swift */,
				32002F3B2AD5862200203A23 /* CalculatorModels.swift */,
			);
			path = Calculator;
			sourceTree = "<group>";
		};
		320DA5B82AB8642F00FA5088 /* Models */ = {
			isa = PBXGroup;
			children = (
				320DA5B62AB85ED800FA5088 /* ColorScheme.swift */,
			);
			path = Models;
			sourceTree = "<group>";
		};
		320DA5BB2AB9FB3900FA5088 /* Extensions */ = {
			isa = PBXGroup;
			children = (
				320DA5B92AB9FB3300FA5088 /* Double+Extensions.swift */,
			);
			path = Extensions;
			sourceTree = "<group>";
		};
		322BEBF02ADC385300B405E0 /* CalculatorUITests */ = {
			isa = PBXGroup;
			children = (
				322BEBF12ADC385300B405E0 /* CalculatorUITests.swift */,
				322BEBF32ADC385300B405E0 /* CalculatorUITestsLaunchTests.swift */,
				322BEBFA2ADC3BFC00B405E0 /* SnapshotHelper.swift */,
			);
			path = CalculatorUITests;
			sourceTree = "<group>";
		};
		322BEC012ADD3B8500B405E0 /* Calculator2 AssigmentTests */ = {
			isa = PBXGroup;
			children = (
				322BEC022ADD3B8500B405E0 /* Calculator2_AssigmentTests.swift */,
			);
			path = "Calculator2 AssigmentTests";
			sourceTree = "<group>";
		};
		3246BE682AC3A1FE0058D41B /* Managers */ = {
			isa = PBXGroup;
			children = (
				3246BE662AC3A1F70058D41B /* ColorSchemeManager.swift */,
				32002F3D2AD58CD700203A23 /* DependencyManager.swift */,
			);
			path = Managers;
			sourceTree = "<group>";
		};
		3248A29F2ABC7FD80022B851 /* View */ = {
			isa = PBXGroup;
			children = (
				32F902622AB34A3700D9DC19 /* CalculatorView.swift */,
				3248A2992ABC72660022B851 /* CalculatorButton.swift */,
				3248A29B2ABC7A400022B851 /* StatusView.swift */,
				3248A29D2ABC7EE40022B851 /* ResultView.swift */,
			);
			path = View;
			sourceTree = "<group>";
		};
		32515ACD2ADF30B400B17EE8 /* Frameworks */ = {
			isa = PBXGroup;
			children = (
			);
			name = Frameworks;
			sourceTree = "<group>";
		};
		32F902542AB34A3700D9DC19 = {
			isa = PBXGroup;
			children = (
				32BDC7B12ADF4C8B00CD8706 /* LoaderView */,
				32F9025F2AB34A3700D9DC19 /* Calculator */,
				322BEC012ADD3B8500B405E0 /* Calculator2 AssigmentTests */,
				322BEBF02ADC385300B405E0 /* CalculatorUITests */,
				32F9025E2AB34A3700D9DC19 /* Products */,
				32515ACD2ADF30B400B17EE8 /* Frameworks */,
			);
			sourceTree = "<group>";
		};
		32F9025E2AB34A3700D9DC19 /* Products */ = {
			isa = PBXGroup;
			children = (
				32F9025D2AB34A3700D9DC19 /* Calculator2_Assigment.app */,
				322BEBEF2ADC385300B405E0 /* Calculator2_AssigmentUITests.xctest */,
				322BEC002ADD3B8500B405E0 /* Calculator2_AssigmentTests.xctest */,
			);
			name = Products;
			sourceTree = "<group>";
		};
		32F9025F2AB34A3700D9DC19 /* Calculator */ = {
			isa = PBXGroup;
			children = (
				32F902602AB34A3700D9DC19 /* CalculatorApp.swift */,
				32F902642AB34A3900D9DC19 /* Assets.xcassets */,
				320DA5BC2ABA16FE00FA5088 /* Info.plist */,
				3248A2A02ABC8F440022B851 /* GoogleService-Info.plist */,
				320DA5BB2AB9FB3900FA5088 /* Extensions */,
				320DA5B82AB8642F00FA5088 /* Models */,
				320DA5B42AB854F300FA5088 /* Modules */,
				320DA5B32AB854E400FA5088 /* Services */,
				3246BE682AC3A1FE0058D41B /* Managers */,
				32F902662AB34A3900D9DC19 /* Preview Content */,
			);
			path = Calculator;
			sourceTree = "<group>";
		};
		32F902662AB34A3900D9DC19 /* Preview Content */ = {
			isa = PBXGroup;
			children = (
				32F902672AB34A3900D9DC19 /* Preview Assets.xcassets */,
			);
			path = "Preview Content";
			sourceTree = "<group>";
		};
/* End PBXGroup section */

/* Begin PBXNativeTarget section */
		322BEBEE2ADC385300B405E0 /* Calculator2_AssigmentUITests */ = {
			isa = PBXNativeTarget;
			buildConfigurationList = 322BEBF72ADC385300B405E0 /* Build configuration list for PBXNativeTarget "Calculator2_AssigmentUITests" */;
			buildPhases = (
				322BEBEB2ADC385300B405E0 /* Sources */,
				322BEBEC2ADC385300B405E0 /* Frameworks */,
				322BEBED2ADC385300B405E0 /* Resources */,
			);
			buildRules = (
			);
			dependencies = (
				322BEBF62ADC385300B405E0 /* PBXTargetDependency */,
			);
			name = Calculator2_AssigmentUITests;
			productName = CalculatorUITests;
			productReference = 322BEBEF2ADC385300B405E0 /* Calculator2_AssigmentUITests.xctest */;
			productType = "com.apple.product-type.bundle.ui-testing";
		};
		322BEBFF2ADD3B8500B405E0 /* Calculator2_AssigmentTests */ = {
			isa = PBXNativeTarget;
			buildConfigurationList = 322BEC062ADD3B8500B405E0 /* Build configuration list for PBXNativeTarget "Calculator2_AssigmentTests" */;
			buildPhases = (
				322BEBFC2ADD3B8500B405E0 /* Sources */,
				322BEBFD2ADD3B8500B405E0 /* Frameworks */,
				322BEBFE2ADD3B8500B405E0 /* Resources */,
			);
			buildRules = (
			);
			dependencies = (
				322BEC052ADD3B8500B405E0 /* PBXTargetDependency */,
			);
			name = Calculator2_AssigmentTests;
			packageProductDependencies = (
				320D5DC22ADF478500E11BEF /* FirebaseAnalytics */,
			);
			productName = "Calculator2 AssigmentTests";
			productReference = 322BEC002ADD3B8500B405E0 /* Calculator2_AssigmentTests.xctest */;
			productType = "com.apple.product-type.bundle.unit-test";
		};
		32F9025C2AB34A3700D9DC19 /* Calculator2_Assigment */ = {
			isa = PBXNativeTarget;
			buildConfigurationList = 32F9026B2AB34A3900D9DC19 /* Build configuration list for PBXNativeTarget "Calculator2_Assigment" */;
			buildPhases = (
				32F902592AB34A3700D9DC19 /* Sources */,
				32F9025A2AB34A3700D9DC19 /* Frameworks */,
				32F9025B2AB34A3700D9DC19 /* Resources */,
				3248A2AB2ABC92D00022B851 /* Crashlytics */,
			);
			buildRules = (
			);
			dependencies = (
			);
			name = Calculator2_Assigment;
			packageProductDependencies = (
				32FC66AC2ADF438A00F551C0 /* Analytics */,
				32FC66B42ADF46A600F551C0 /* FirebaseAnalytics */,
				32FC66B62ADF46A600F551C0 /* FirebaseCrashlytics */,
				32BDC7B22ADF4CEA00CD8706 /* LoaderView */,
			);
			productName = Calculator;
			productReference = 32F9025D2AB34A3700D9DC19 /* Calculator2_Assigment.app */;
			productType = "com.apple.product-type.application";
		};
/* End PBXNativeTarget section */

/* Begin PBXProject section */
		32F902552AB34A3700D9DC19 /* Project object */ = {
			isa = PBXProject;
			attributes = {
				BuildIndependentTargetsInParallel = 1;
				LastSwiftUpdateCheck = 1430;
				LastUpgradeCheck = 1430;
				TargetAttributes = {
					322BEBEE2ADC385300B405E0 = {
						CreatedOnToolsVersion = 14.3.1;
						ProvisioningStyle = Automatic;
						TestTargetID = 32F9025C2AB34A3700D9DC19;
					};
					322BEBFF2ADD3B8500B405E0 = {
						CreatedOnToolsVersion = 14.3.1;
						ProvisioningStyle = Automatic;
						TestTargetID = 32F9025C2AB34A3700D9DC19;
					};
					32F9025C2AB34A3700D9DC19 = {
						CreatedOnToolsVersion = 14.3.1;
						ProvisioningStyle = Automatic;
					};
				};
			};
			buildConfigurationList = 32F902582AB34A3700D9DC19 /* Build configuration list for PBXProject "Calculator2_Assigment" */;
			compatibilityVersion = "Xcode 14.0";
			developmentRegion = en;
			hasScannedForEncodings = 0;
			knownRegions = (
				en,
				Base,
			);
			mainGroup = 32F902542AB34A3700D9DC19;
			packageReferences = (
				32FC66AB2ADF438A00F551C0 /* XCRemoteSwiftPackageReference "Analytics" */,
				32FC66B32ADF46A600F551C0 /* XCRemoteSwiftPackageReference "firebase-ios-sdk" */,
			);
			productRefGroup = 32F9025E2AB34A3700D9DC19 /* Products */;
			projectDirPath = "";
			projectRoot = "";
			targets = (
				32F9025C2AB34A3700D9DC19 /* Calculator2_Assigment */,
				322BEBFF2ADD3B8500B405E0 /* Calculator2_AssigmentTests */,
				322BEBEE2ADC385300B405E0 /* Calculator2_AssigmentUITests */,
			);
		};
/* End PBXProject section */

/* Begin PBXResourcesBuildPhase section */
		322BEBED2ADC385300B405E0 /* Resources */ = {
			isa = PBXResourcesBuildPhase;
			buildActionMask = 2147483647;
			files = (
			);
			runOnlyForDeploymentPostprocessing = 0;
		};
		322BEBFE2ADD3B8500B405E0 /* Resources */ = {
			isa = PBXResourcesBuildPhase;
			buildActionMask = 2147483647;
			files = (
			);
			runOnlyForDeploymentPostprocessing = 0;
		};
		32F9025B2AB34A3700D9DC19 /* Resources */ = {
			isa = PBXResourcesBuildPhase;
			buildActionMask = 2147483647;
			files = (
				32F902682AB34A3900D9DC19 /* Preview Assets.xcassets in Resources */,
				32F902652AB34A3900D9DC19 /* Assets.xcassets in Resources */,
				3248A2A12ABC8F440022B851 /* GoogleService-Info.plist in Resources */,
			);
			runOnlyForDeploymentPostprocessing = 0;
		};
/* End PBXResourcesBuildPhase section */

/* Begin PBXShellScriptBuildPhase section */
		3248A2AB2ABC92D00022B851 /* Crashlytics */ = {
			isa = PBXShellScriptBuildPhase;
			buildActionMask = 2147483647;
			files = (
			);
			inputFileListPaths = (
			);
			inputPaths = (
				"${DWARF_DSYM_FOLDER_PATH}/${DWARF_DSYM_FILE_NAME}",
				"${DWARF_DSYM_FOLDER_PATH}/${DWARF_DSYM_FILE_NAME}/Contents/Resources/DWARF/${PRODUCT_NAME}",
				"${DWARF_DSYM_FOLDER_PATH}/${DWARF_DSYM_FILE_NAME}/Contents/Info.plist",
				"$(BUILT_PRODUCTS_DIR)/$(UNLOCALIZED_RESOURCES_FOLDER_PATH)/GoogleService-Info.plist",
				"$(BUILT_PRODUCTS_DIR)/$(EXECUTABLE_PATH)",
			);
			name = Crashlytics;
			outputFileListPaths = (
			);
			outputPaths = (
			);
			runOnlyForDeploymentPostprocessing = 0;
			shellPath = /bin/sh;
			shellScript = "\"${BUILD_DIR%/Build/*}/SourcePackages/checkouts/firebase-ios-sdk/Crashlytics/run\"\n";
		};
/* End PBXShellScriptBuildPhase section */

/* Begin PBXSourcesBuildPhase section */
		322BEBEB2ADC385300B405E0 /* Sources */ = {
			isa = PBXSourcesBuildPhase;
			buildActionMask = 2147483647;
			files = (
				322BEBF42ADC385300B405E0 /* CalculatorUITestsLaunchTests.swift in Sources */,
				322BEBF22ADC385300B405E0 /* CalculatorUITests.swift in Sources */,
				322BEBFB2ADC3BFC00B405E0 /* SnapshotHelper.swift in Sources */,
			);
			runOnlyForDeploymentPostprocessing = 0;
		};
		322BEBFC2ADD3B8500B405E0 /* Sources */ = {
			isa = PBXSourcesBuildPhase;
			buildActionMask = 2147483647;
			files = (
				322BEC032ADD3B8500B405E0 /* Calculator2_AssigmentTests.swift in Sources */,
			);
			runOnlyForDeploymentPostprocessing = 0;
		};
		32F902592AB34A3700D9DC19 /* Sources */ = {
			isa = PBXSourcesBuildPhase;
			buildActionMask = 2147483647;
			files = (
				320DA5B72AB85ED800FA5088 /* ColorScheme.swift in Sources */,
				32F902632AB34A3700D9DC19 /* CalculatorView.swift in Sources */,
				3248A29E2ABC7EE40022B851 /* ResultView.swift in Sources */,
				32002F3C2AD5862200203A23 /* CalculatorModels.swift in Sources */,
				32756FEF2ABB12C00024FF48 /* CalculatorSizes.swift in Sources */,
				3248A29A2ABC72660022B851 /* CalculatorButton.swift in Sources */,
				3246BE672AC3A1F70058D41B /* ColorSchemeManager.swift in Sources */,
				3248A29C2ABC7A400022B851 /* StatusView.swift in Sources */,
				320DA5B22AB854A400FA5088 /* CurrencyConvertorService.swift in Sources */,
				320DA5BA2AB9FB3300FA5088 /* Double+Extensions.swift in Sources */,
				321C304D2AC5969200A65ADC /* CurrencyService.swift in Sources */,
				32002F3E2AD58CD700203A23 /* DependencyManager.swift in Sources */,
				32F902612AB34A3700D9DC19 /* CalculatorApp.swift in Sources */,
				320DA5AE2AB8543800FA5088 /* CalculatorLogic.swift in Sources */,
				3248A2AA2ABC91CA0022B851 /* FirebaseService.swift in Sources */,
				32E6E4632AB4CF27003CB832 /* CalculatorViewModel.swift in Sources */,
				32399D432ABB2B880059176E /* ReachabilityService.swift in Sources */,
				32E6E4612AB4CEDE003CB832 /* CalculatorButtonViewModel.swift in Sources */,
			);
			runOnlyForDeploymentPostprocessing = 0;
		};
/* End PBXSourcesBuildPhase section */

/* Begin PBXTargetDependency section */
		322BEBF62ADC385300B405E0 /* PBXTargetDependency */ = {
			isa = PBXTargetDependency;
			target = 32F9025C2AB34A3700D9DC19 /* Calculator2_Assigment */;
			targetProxy = 322BEBF52ADC385300B405E0 /* PBXContainerItemProxy */;
		};
		322BEC052ADD3B8500B405E0 /* PBXTargetDependency */ = {
			isa = PBXTargetDependency;
			target = 32F9025C2AB34A3700D9DC19 /* Calculator2_Assigment */;
			targetProxy = 322BEC042ADD3B8500B405E0 /* PBXContainerItemProxy */;
		};
/* End PBXTargetDependency section */

/* Begin XCBuildConfiguration section */
		322BEBF82ADC385300B405E0 /* Debug */ = {
			isa = XCBuildConfiguration;
			buildSettings = {
				CODE_SIGN_STYLE = Automatic;
				CURRENT_PROJECT_VERSION = 2;
				DEVELOPMENT_TEAM = 62WPWMSDSW;
				GENERATE_INFOPLIST_FILE = YES;
				MARKETING_VERSION = 1.0;
				PRODUCT_BUNDLE_IDENTIFIER = Alex.CalculatorUITests;
				PRODUCT_NAME = "$(TARGET_NAME)";
				SUPPORTED_PLATFORMS = "iphoneos iphonesimulator";
				SUPPORTS_MACCATALYST = NO;
				SUPPORTS_MAC_DESIGNED_FOR_IPHONE_IPAD = YES;
				SWIFT_EMIT_LOC_STRINGS = NO;
				SWIFT_VERSION = 5.0;
				TARGETED_DEVICE_FAMILY = "1,2";
				TEST_TARGET_NAME = Calculator;
			};
			name = Debug;
		};
		322BEBF92ADC385300B405E0 /* Release */ = {
			isa = XCBuildConfiguration;
			buildSettings = {
				CODE_SIGN_STYLE = Automatic;
				CURRENT_PROJECT_VERSION = 2;
				DEVELOPMENT_TEAM = 62WPWMSDSW;
				GENERATE_INFOPLIST_FILE = YES;
				MARKETING_VERSION = 1.0;
				PRODUCT_BUNDLE_IDENTIFIER = Alex.CalculatorUITests;
				PRODUCT_NAME = "$(TARGET_NAME)";
				SUPPORTED_PLATFORMS = "iphoneos iphonesimulator";
				SUPPORTS_MACCATALYST = NO;
				SUPPORTS_MAC_DESIGNED_FOR_IPHONE_IPAD = YES;
				SWIFT_EMIT_LOC_STRINGS = NO;
				SWIFT_VERSION = 5.0;
				TARGETED_DEVICE_FAMILY = "1,2";
				TEST_TARGET_NAME = Calculator;
			};
			name = Release;
		};
		322BEC072ADD3B8500B405E0 /* Debug */ = {
			isa = XCBuildConfiguration;
			buildSettings = {
				BUNDLE_LOADER = "$(TEST_HOST)";
				CODE_SIGN_STYLE = Automatic;
				CURRENT_PROJECT_VERSION = 2;
				DEVELOPMENT_TEAM = 62WPWMSDSW;
				GENERATE_INFOPLIST_FILE = YES;
				MARKETING_VERSION = 1.0;
				PRODUCT_BUNDLE_IDENTIFIER = "Alex.Calculator2-AssigmentTests";
				PRODUCT_NAME = "$(TARGET_NAME)";
				SUPPORTED_PLATFORMS = "iphoneos iphonesimulator";
				SUPPORTS_MACCATALYST = NO;
				SUPPORTS_MAC_DESIGNED_FOR_IPHONE_IPAD = YES;
				SWIFT_EMIT_LOC_STRINGS = NO;
				SWIFT_VERSION = 5.0;
				TARGETED_DEVICE_FAMILY = "1,2";
				TEST_HOST = "$(BUILT_PRODUCTS_DIR)/Calculator2_Assigment.app/$(BUNDLE_EXECUTABLE_FOLDER_PATH)/Calculator2_Assigment";
			};
			name = Debug;
		};
		322BEC082ADD3B8500B405E0 /* Release */ = {
			isa = XCBuildConfiguration;
			buildSettings = {
				BUNDLE_LOADER = "$(TEST_HOST)";
				CODE_SIGN_STYLE = Automatic;
				CURRENT_PROJECT_VERSION = 2;
				DEVELOPMENT_TEAM = 62WPWMSDSW;
				GENERATE_INFOPLIST_FILE = YES;
				MARKETING_VERSION = 1.0;
				PRODUCT_BUNDLE_IDENTIFIER = "Alex.Calculator2-AssigmentTests";
				PRODUCT_NAME = "$(TARGET_NAME)";
				SUPPORTED_PLATFORMS = "iphoneos iphonesimulator";
				SUPPORTS_MACCATALYST = NO;
				SUPPORTS_MAC_DESIGNED_FOR_IPHONE_IPAD = YES;
				SWIFT_EMIT_LOC_STRINGS = NO;
				SWIFT_VERSION = 5.0;
				TARGETED_DEVICE_FAMILY = "1,2";
				TEST_HOST = "$(BUILT_PRODUCTS_DIR)/Calculator2_Assigment.app/$(BUNDLE_EXECUTABLE_FOLDER_PATH)/Calculator2_Assigment";
			};
			name = Release;
		};
		32F902692AB34A3900D9DC19 /* Debug */ = {
			isa = XCBuildConfiguration;
			buildSettings = {
				ALWAYS_SEARCH_USER_PATHS = NO;
				CLANG_ANALYZER_NONNULL = YES;
				CLANG_ANALYZER_NUMBER_OBJECT_CONVERSION = YES_AGGRESSIVE;
				CLANG_CXX_LANGUAGE_STANDARD = "gnu++20";
				CLANG_ENABLE_MODULES = YES;
				CLANG_ENABLE_OBJC_ARC = YES;
				CLANG_ENABLE_OBJC_WEAK = YES;
				CLANG_WARN_BLOCK_CAPTURE_AUTORELEASING = YES;
				CLANG_WARN_BOOL_CONVERSION = YES;
				CLANG_WARN_COMMA = YES;
				CLANG_WARN_CONSTANT_CONVERSION = YES;
				CLANG_WARN_DEPRECATED_OBJC_IMPLEMENTATIONS = YES;
				CLANG_WARN_DIRECT_OBJC_ISA_USAGE = YES_ERROR;
				CLANG_WARN_DOCUMENTATION_COMMENTS = YES;
				CLANG_WARN_EMPTY_BODY = YES;
				CLANG_WARN_ENUM_CONVERSION = YES;
				CLANG_WARN_INFINITE_RECURSION = YES;
				CLANG_WARN_INT_CONVERSION = YES;
				CLANG_WARN_NON_LITERAL_NULL_CONVERSION = YES;
				CLANG_WARN_OBJC_IMPLICIT_RETAIN_SELF = YES;
				CLANG_WARN_OBJC_LITERAL_CONVERSION = YES;
				CLANG_WARN_OBJC_ROOT_CLASS = YES_ERROR;
				CLANG_WARN_QUOTED_INCLUDE_IN_FRAMEWORK_HEADER = YES;
				CLANG_WARN_RANGE_LOOP_ANALYSIS = YES;
				CLANG_WARN_STRICT_PROTOTYPES = YES;
				CLANG_WARN_SUSPICIOUS_MOVE = YES;
				CLANG_WARN_UNGUARDED_AVAILABILITY = YES_AGGRESSIVE;
				CLANG_WARN_UNREACHABLE_CODE = YES;
				CLANG_WARN__DUPLICATE_METHOD_MATCH = YES;
				COPY_PHASE_STRIP = NO;
				DEBUG_INFORMATION_FORMAT = dwarf;
				ENABLE_STRICT_OBJC_MSGSEND = YES;
				ENABLE_TESTABILITY = YES;
				GCC_C_LANGUAGE_STANDARD = gnu11;
				GCC_DYNAMIC_NO_PIC = NO;
				GCC_NO_COMMON_BLOCKS = YES;
				GCC_OPTIMIZATION_LEVEL = 0;
				GCC_PREPROCESSOR_DEFINITIONS = (
					"DEBUG=1",
					"$(inherited)",
				);
				GCC_WARN_64_TO_32_BIT_CONVERSION = YES;
				GCC_WARN_ABOUT_RETURN_TYPE = YES_ERROR;
				GCC_WARN_UNDECLARED_SELECTOR = YES;
				GCC_WARN_UNINITIALIZED_AUTOS = YES_AGGRESSIVE;
				GCC_WARN_UNUSED_FUNCTION = YES;
				GCC_WARN_UNUSED_VARIABLE = YES;
				IPHONEOS_DEPLOYMENT_TARGET = 16.4;
				MTL_ENABLE_DEBUG_INFO = INCLUDE_SOURCE;
				MTL_FAST_MATH = YES;
				ONLY_ACTIVE_ARCH = YES;
				SDKROOT = iphoneos;
				SWIFT_ACTIVE_COMPILATION_CONDITIONS = DEBUG;
				SWIFT_OPTIMIZATION_LEVEL = "-Onone";
			};
			name = Debug;
		};
		32F9026A2AB34A3900D9DC19 /* Release */ = {
			isa = XCBuildConfiguration;
			buildSettings = {
				ALWAYS_SEARCH_USER_PATHS = NO;
				CLANG_ANALYZER_NONNULL = YES;
				CLANG_ANALYZER_NUMBER_OBJECT_CONVERSION = YES_AGGRESSIVE;
				CLANG_CXX_LANGUAGE_STANDARD = "gnu++20";
				CLANG_ENABLE_MODULES = YES;
				CLANG_ENABLE_OBJC_ARC = YES;
				CLANG_ENABLE_OBJC_WEAK = YES;
				CLANG_WARN_BLOCK_CAPTURE_AUTORELEASING = YES;
				CLANG_WARN_BOOL_CONVERSION = YES;
				CLANG_WARN_COMMA = YES;
				CLANG_WARN_CONSTANT_CONVERSION = YES;
				CLANG_WARN_DEPRECATED_OBJC_IMPLEMENTATIONS = YES;
				CLANG_WARN_DIRECT_OBJC_ISA_USAGE = YES_ERROR;
				CLANG_WARN_DOCUMENTATION_COMMENTS = YES;
				CLANG_WARN_EMPTY_BODY = YES;
				CLANG_WARN_ENUM_CONVERSION = YES;
				CLANG_WARN_INFINITE_RECURSION = YES;
				CLANG_WARN_INT_CONVERSION = YES;
				CLANG_WARN_NON_LITERAL_NULL_CONVERSION = YES;
				CLANG_WARN_OBJC_IMPLICIT_RETAIN_SELF = YES;
				CLANG_WARN_OBJC_LITERAL_CONVERSION = YES;
				CLANG_WARN_OBJC_ROOT_CLASS = YES_ERROR;
				CLANG_WARN_QUOTED_INCLUDE_IN_FRAMEWORK_HEADER = YES;
				CLANG_WARN_RANGE_LOOP_ANALYSIS = YES;
				CLANG_WARN_STRICT_PROTOTYPES = YES;
				CLANG_WARN_SUSPICIOUS_MOVE = YES;
				CLANG_WARN_UNGUARDED_AVAILABILITY = YES_AGGRESSIVE;
				CLANG_WARN_UNREACHABLE_CODE = YES;
				CLANG_WARN__DUPLICATE_METHOD_MATCH = YES;
				COPY_PHASE_STRIP = NO;
				DEBUG_INFORMATION_FORMAT = "dwarf-with-dsym";
				ENABLE_NS_ASSERTIONS = NO;
				ENABLE_STRICT_OBJC_MSGSEND = YES;
				GCC_C_LANGUAGE_STANDARD = gnu11;
				GCC_NO_COMMON_BLOCKS = YES;
				GCC_WARN_64_TO_32_BIT_CONVERSION = YES;
				GCC_WARN_ABOUT_RETURN_TYPE = YES_ERROR;
				GCC_WARN_UNDECLARED_SELECTOR = YES;
				GCC_WARN_UNINITIALIZED_AUTOS = YES_AGGRESSIVE;
				GCC_WARN_UNUSED_FUNCTION = YES;
				GCC_WARN_UNUSED_VARIABLE = YES;
				IPHONEOS_DEPLOYMENT_TARGET = 16.4;
				MTL_ENABLE_DEBUG_INFO = NO;
				MTL_FAST_MATH = YES;
				SDKROOT = iphoneos;
				SWIFT_COMPILATION_MODE = wholemodule;
				SWIFT_OPTIMIZATION_LEVEL = "-O";
				VALIDATE_PRODUCT = YES;
			};
			name = Release;
		};
		32F9026C2AB34A3900D9DC19 /* Debug */ = {
			isa = XCBuildConfiguration;
			buildSettings = {
				ASSETCATALOG_COMPILER_APPICON_NAME = AppIcon;
				ASSETCATALOG_COMPILER_GLOBAL_ACCENT_COLOR_NAME = AccentColor;
				ASSETCATALOG_COMPILER_INCLUDE_ALL_APPICON_ASSETS = NO;
				CODE_SIGN_STYLE = Automatic;
				CURRENT_PROJECT_VERSION = 2;
				DEBUG_INFORMATION_FORMAT = "dwarf-with-dsym";
				DEVELOPMENT_ASSET_PATHS = "\"Calculator/Preview Content\"";
				DEVELOPMENT_TEAM = 62WPWMSDSW;
				ENABLE_PREVIEWS = YES;
				GENERATE_INFOPLIST_FILE = YES;
				INFOPLIST_FILE = Calculator/Info.plist;
				INFOPLIST_KEY_UIApplicationSceneManifest_Generation = YES;
				INFOPLIST_KEY_UIApplicationSupportsIndirectInputEvents = YES;
				INFOPLIST_KEY_UILaunchScreen_Generation = YES;
				INFOPLIST_KEY_UISupportedInterfaceOrientations_iPad = "UIInterfaceOrientationPortrait UIInterfaceOrientationPortraitUpsideDown UIInterfaceOrientationLandscapeLeft UIInterfaceOrientationLandscapeRight";
				INFOPLIST_KEY_UISupportedInterfaceOrientations_iPhone = "UIInterfaceOrientationPortrait UIInterfaceOrientationLandscapeLeft UIInterfaceOrientationLandscapeRight";
				IPHONEOS_DEPLOYMENT_TARGET = 15.0;
				LD_RUNPATH_SEARCH_PATHS = (
					"$(inherited)",
					"@executable_path/Frameworks",
				);
				MARKETING_VERSION = 1.0;
				PRODUCT_BUNDLE_IDENTIFIER = Alex.Calculator123;
				PRODUCT_NAME = Calculator2_Assigment;
				SUPPORTED_PLATFORMS = "iphoneos iphonesimulator";
				SUPPORTS_MACCATALYST = NO;
				SUPPORTS_MAC_DESIGNED_FOR_IPHONE_IPAD = YES;
				SWIFT_EMIT_LOC_STRINGS = YES;
				SWIFT_VERSION = 5.0;
				TARGETED_DEVICE_FAMILY = "1,2";
			};
			name = Debug;
		};
		32F9026D2AB34A3900D9DC19 /* Release */ = {
			isa = XCBuildConfiguration;
			buildSettings = {
				ASSETCATALOG_COMPILER_APPICON_NAME = AppIcon;
				ASSETCATALOG_COMPILER_GLOBAL_ACCENT_COLOR_NAME = AccentColor;
				ASSETCATALOG_COMPILER_INCLUDE_ALL_APPICON_ASSETS = NO;
				CODE_SIGN_STYLE = Automatic;
				CURRENT_PROJECT_VERSION = 2;
				DEVELOPMENT_ASSET_PATHS = "\"Calculator/Preview Content\"";
				DEVELOPMENT_TEAM = 62WPWMSDSW;
				ENABLE_PREVIEWS = YES;
				GENERATE_INFOPLIST_FILE = YES;
				INFOPLIST_FILE = Calculator/Info.plist;
				INFOPLIST_KEY_UIApplicationSceneManifest_Generation = YES;
				INFOPLIST_KEY_UIApplicationSupportsIndirectInputEvents = YES;
				INFOPLIST_KEY_UILaunchScreen_Generation = YES;
				INFOPLIST_KEY_UISupportedInterfaceOrientations_iPad = "UIInterfaceOrientationPortrait UIInterfaceOrientationPortraitUpsideDown UIInterfaceOrientationLandscapeLeft UIInterfaceOrientationLandscapeRight";
				INFOPLIST_KEY_UISupportedInterfaceOrientations_iPhone = "UIInterfaceOrientationPortrait UIInterfaceOrientationLandscapeLeft UIInterfaceOrientationLandscapeRight";
				IPHONEOS_DEPLOYMENT_TARGET = 15.0;
				LD_RUNPATH_SEARCH_PATHS = (
					"$(inherited)",
					"@executable_path/Frameworks",
				);
				MARKETING_VERSION = 1.0;
				PRODUCT_BUNDLE_IDENTIFIER = Alex.Calculator123;
				PRODUCT_NAME = Calculator2_Assigment;
				SUPPORTED_PLATFORMS = "iphoneos iphonesimulator";
				SUPPORTS_MACCATALYST = NO;
				SUPPORTS_MAC_DESIGNED_FOR_IPHONE_IPAD = YES;
				SWIFT_EMIT_LOC_STRINGS = YES;
				SWIFT_VERSION = 5.0;
				TARGETED_DEVICE_FAMILY = "1,2";
			};
			name = Release;
		};
/* End XCBuildConfiguration section */

/* Begin XCConfigurationList section */
		322BEBF72ADC385300B405E0 /* Build configuration list for PBXNativeTarget "Calculator2_AssigmentUITests" */ = {
			isa = XCConfigurationList;
			buildConfigurations = (
				322BEBF82ADC385300B405E0 /* Debug */,
				322BEBF92ADC385300B405E0 /* Release */,
			);
			defaultConfigurationIsVisible = 0;
			defaultConfigurationName = Release;
		};
		322BEC062ADD3B8500B405E0 /* Build configuration list for PBXNativeTarget "Calculator2_AssigmentTests" */ = {
			isa = XCConfigurationList;
			buildConfigurations = (
				322BEC072ADD3B8500B405E0 /* Debug */,
				322BEC082ADD3B8500B405E0 /* Release */,
			);
			defaultConfigurationIsVisible = 0;
			defaultConfigurationName = Release;
		};
		32F902582AB34A3700D9DC19 /* Build configuration list for PBXProject "Calculator2_Assigment" */ = {
			isa = XCConfigurationList;
			buildConfigurations = (
				32F902692AB34A3900D9DC19 /* Debug */,
				32F9026A2AB34A3900D9DC19 /* Release */,
			);
			defaultConfigurationIsVisible = 0;
			defaultConfigurationName = Release;
		};
		32F9026B2AB34A3900D9DC19 /* Build configuration list for PBXNativeTarget "Calculator2_Assigment" */ = {
			isa = XCConfigurationList;
			buildConfigurations = (
				32F9026C2AB34A3900D9DC19 /* Debug */,
				32F9026D2AB34A3900D9DC19 /* Release */,
			);
			defaultConfigurationIsVisible = 0;
			defaultConfigurationName = Release;
		};
/* End XCConfigurationList section */

/* Begin XCRemoteSwiftPackageReference section */
		32FC66AB2ADF438A00F551C0 /* XCRemoteSwiftPackageReference "Analytics" */ = {
			isa = XCRemoteSwiftPackageReference;
			repositoryURL = "https://github.com/iOSDevelopMan/Analytics.git";
			requirement = {
				branch = develop;
				kind = branch;
			};
		};
		32FC66B32ADF46A600F551C0 /* XCRemoteSwiftPackageReference "firebase-ios-sdk" */ = {
			isa = XCRemoteSwiftPackageReference;
			repositoryURL = "https://github.com/firebase/firebase-ios-sdk.git";
			requirement = {
				kind = upToNextMajorVersion;
				minimumVersion = 10.0.0;
			};
		};
/* End XCRemoteSwiftPackageReference section */

/* Begin XCSwiftPackageProductDependency section */
		320D5DC22ADF478500E11BEF /* FirebaseAnalytics */ = {
			isa = XCSwiftPackageProductDependency;
			package = 32FC66B32ADF46A600F551C0 /* XCRemoteSwiftPackageReference "firebase-ios-sdk" */;
			productName = FirebaseAnalytics;
		};
		32BDC7B22ADF4CEA00CD8706 /* LoaderView */ = {
			isa = XCSwiftPackageProductDependency;
			productName = LoaderView;
		};
		32FC66AC2ADF438A00F551C0 /* Analytics */ = {
			isa = XCSwiftPackageProductDependency;
			package = 32FC66AB2ADF438A00F551C0 /* XCRemoteSwiftPackageReference "Analytics" */;
			productName = Analytics;
		};
		32FC66B42ADF46A600F551C0 /* FirebaseAnalytics */ = {
			isa = XCSwiftPackageProductDependency;
			package = 32FC66B32ADF46A600F551C0 /* XCRemoteSwiftPackageReference "firebase-ios-sdk" */;
			productName = FirebaseAnalytics;
		};
		32FC66B62ADF46A600F551C0 /* FirebaseCrashlytics */ = {
			isa = XCSwiftPackageProductDependency;
			package = 32FC66B32ADF46A600F551C0 /* XCRemoteSwiftPackageReference "firebase-ios-sdk" */;
			productName = FirebaseCrashlytics;
		};
/* End XCSwiftPackageProductDependency section */
	};
	rootObject = 32F902552AB34A3700D9DC19 /* Project object */;
}
